
Microsoft Visual Studio Solution File, Format Version 12.00
# Visual Studio Version 16
VisualStudioVersion = 16.0.30413.136
MinimumVisualStudioVersion = 10.0.40219.1
Project("{FAE04EC0-301F-11D3-BF4B-00C04F79EFBC}") = "FiveMRemoteCall.Client", "FiveMRemoteCall.Client\FiveMRemoteCall.Client.csproj", "{DEFFEFEE-3A91-487F-9BC1-3FEED9B8A308}"
EndProject
Project("{FAE04EC0-301F-11D3-BF4B-00C04F79EFBC}") = "FiveMRemoteCall.Server", "FiveMRemoteCall.Server\FiveMRemoteCall.Server.csproj", "{964801A1-AF43-489C-8BDD-FD98FC6CADDB}"
EndProject
Project("{FAE04EC0-301F-11D3-BF4B-00C04F79EFBC}") = "FiveMRemoteCall.Shared", "FiveMRemoteCall.Shared\FiveMRemoteCall.Shared.csproj", "{B07DA177-D702-4ED2-99DD-51E03770DCA0}"
EndProject
Global
	GlobalSection(SolutionConfigurationPlatforms) = preSolution
		Debug|Any CPU = Debug|Any CPU
		Release|Any CPU = Release|Any CPU
	EndGlobalSection
	GlobalSection(ProjectConfigurationPlatforms) = postSolution
		{DEFFEFEE-3A91-487F-9BC1-3FEED9B8A308}.Debug|Any CPU.ActiveCfg = Debug|Any CPU
		{DEFFEFEE-3A91-487F-9BC1-3FEED9B8A308}.Debug|Any CPU.Build.0 = Debug|Any CPU
		{DEFFEFEE-3A91-487F-9BC1-3FEED9B8A308}.Release|Any CPU.ActiveCfg = Release|Any CPU
		{DEFFEFEE-3A91-487F-9BC1-3FEED9B8A308}.Release|Any CPU.Build.0 = Release|Any CPU
		{964801A1-AF43-489C-8BDD-FD98FC6CADDB}.Debug|Any CPU.ActiveCfg = Debug|Any CPU
		{964801A1-AF43-489C-8BDD-FD98FC6CADDB}.Debug|Any CPU.Build.0 = Debug|Any CPU
		{964801A1-AF43-489C-8BDD-FD98FC6CADDB}.Release|Any CPU.ActiveCfg = Release|Any CPU
		{964801A1-AF43-489C-8BDD-FD98FC6CADDB}.Release|Any CPU.Build.0 = Release|Any CPU
		{B07DA177-D702-4ED2-99DD-51E03770DCA0}.Debug|Any CPU.ActiveCfg = Debug|Any CPU
		{B07DA177-D702-4ED2-99DD-51E03770DCA0}.Debug|Any CPU.Build.0 = Debug|Any CPU
		{B07DA177-D702-4ED2-99DD-51E03770DCA0}.Release|Any CPU.ActiveCfg = Release|Any CPU
		{B07DA177-D702-4ED2-99DD-51E03770DCA0}.Release|Any CPU.Build.0 = Release|Any CPU
	EndGlobalSection
	GlobalSection(SolutionProperties) = preSolution
		HideSolutionNode = FALSE
	EndGlobalSection
	GlobalSection(ExtensibilityGlobals) = postSolution
		SolutionGuid = {01B283EC-E478-403B-A6E1-4126D7967765}
	EndGlobalSection
EndGlobal
